// !$*UTF8*$!
{
	archiveVersion = 1;
	classes = {
	};
	objectVersion = 56;
	objects = {

/* Begin PBXBuildFile section */
		DC30CC4A29EDD6C00050F828 /* AppDelegate.swift in Sources */ = {isa = PBXBuildFile; fileRef = DC30CC4929EDD6C00050F828 /* AppDelegate.swift */; };
		DC30CC4C29EDD6C00050F828 /* SceneDelegate.swift in Sources */ = {isa = PBXBuildFile; fileRef = DC30CC4B29EDD6C00050F828 /* SceneDelegate.swift */; };
		DC30CC4E29EDD6C00050F828 /* ViewController.swift in Sources */ = {isa = PBXBuildFile; fileRef = DC30CC4D29EDD6C00050F828 /* ViewController.swift */; };
		DC30CC5129EDD6C00050F828 /* Main.storyboard in Resources */ = {isa = PBXBuildFile; fileRef = DC30CC4F29EDD6C00050F828 /* Main.storyboard */; };
		DC30CC5329EDD6C10050F828 /* Assets.xcassets in Resources */ = {isa = PBXBuildFile; fileRef = DC30CC5229EDD6C10050F828 /* Assets.xcassets */; };
		DC30CC5629EDD6C10050F828 /* LaunchScreen.storyboard in Resources */ = {isa = PBXBuildFile; fileRef = DC30CC5429EDD6C10050F828 /* LaunchScreen.storyboard */; };
		DC30CC6129EDD6C10050F828 /* SwiftTestingTests.swift in Sources */ = {isa = PBXBuildFile; fileRef = DC30CC6029EDD6C10050F828 /* SwiftTestingTests.swift */; };
		DC30CC6B29EDD6C10050F828 /* SwiftTestingUITests.swift in Sources */ = {isa = PBXBuildFile; fileRef = DC30CC6A29EDD6C10050F828 /* SwiftTestingUITests.swift */; };
		DC30CC6D29EDD6C10050F828 /* SwiftTestingUITestsLaunchTests.swift in Sources */ = {isa = PBXBuildFile; fileRef = DC30CC6C29EDD6C10050F828 /* SwiftTestingUITestsLaunchTests.swift */; };
		DC30CC7A29EDD7070050F828 /* MathematicFunctions.swift in Sources */ = {isa = PBXBuildFile; fileRef = DC30CC7929EDD7070050F828 /* MathematicFunctions.swift */; };
/* End PBXBuildFile section */

/* Begin PBXContainerItemProxy section */
		DC30CC5D29EDD6C10050F828 /* PBXContainerItemProxy */ = {
			isa = PBXContainerItemProxy;
			containerPortal = DC30CC3E29EDD6C00050F828 /* Project object */;
			proxyType = 1;
			remoteGlobalIDString = DC30CC4529EDD6C00050F828;
			remoteInfo = SwiftTesting;
		};
		DC30CC6729EDD6C10050F828 /* PBXContainerItemProxy */ = {
			isa = PBXContainerItemProxy;
			containerPortal = DC30CC3E29EDD6C00050F828 /* Project object */;
			proxyType = 1;
			remoteGlobalIDString = DC30CC4529EDD6C00050F828;
			remoteInfo = SwiftTesting;
		};
/* End PBXContainerItemProxy section */

/* Begin PBXFileReference section */
		DC30CC4629EDD6C00050F828 /* SwiftTesting.app */ = {isa = PBXFileReference; explicitFileType = wrapper.application; includeInIndex = 0; path = SwiftTesting.app; sourceTree = BUILT_PRODUCTS_DIR; };
		DC30CC4929EDD6C00050F828 /* AppDelegate.swift */ = {isa = PBXFileReference; lastKnownFileType = sourcecode.swift; path = AppDelegate.swift; sourceTree = "<group>"; };
		DC30CC4B29EDD6C00050F828 /* SceneDelegate.swift */ = {isa = PBXFileReference; lastKnownFileType = sourcecode.swift; path = SceneDelegate.swift; sourceTree = "<group>"; };
		DC30CC4D29EDD6C00050F828 /* ViewController.swift */ = {isa = PBXFileReference; lastKnownFileType = sourcecode.swift; path = ViewController.swift; sourceTree = "<group>"; };
		DC30CC5029EDD6C00050F828 /* Base */ = {isa = PBXFileReference; lastKnownFileType = file.storyboard; name = Base; path = Base.lproj/Main.storyboard; sourceTree = "<group>"; };
		DC30CC5229EDD6C10050F828 /* Assets.xcassets */ = {isa = PBXFileReference; lastKnownFileType = folder.assetcatalog; path = Assets.xcassets; sourceTree = "<group>"; };
		DC30CC5529EDD6C10050F828 /* Base */ = {isa = PBXFileReference; lastKnownFileType = file.storyboard; name = Base; path = Base.lproj/LaunchScreen.storyboard; sourceTree = "<group>"; };
		DC30CC5729EDD6C10050F828 /* Info.plist */ = {isa = PBXFileReference; lastKnownFileType = text.plist.xml; path = Info.plist; sourceTree = "<group>"; };
		DC30CC5C29EDD6C10050F828 /* SwiftTestingTests.xctest */ = {isa = PBXFileReference; explicitFileType = wrapper.cfbundle; includeInIndex = 0; path = SwiftTestingTests.xctest; sourceTree = BUILT_PRODUCTS_DIR; };
		DC30CC6029EDD6C10050F828 /* SwiftTestingTests.swift */ = {isa = PBXFileReference; lastKnownFileType = sourcecode.swift; path = SwiftTestingTests.swift; sourceTree = "<group>"; };
		DC30CC6629EDD6C10050F828 /* SwiftTestingUITests.xctest */ = {isa = PBXFileReference; explicitFileType = wrapper.cfbundle; includeInIndex = 0; path = SwiftTestingUITests.xctest; sourceTree = BUILT_PRODUCTS_DIR; };
		DC30CC6A29EDD6C10050F828 /* SwiftTestingUITests.swift */ = {isa = PBXFileReference; lastKnownFileType = sourcecode.swift; path = SwiftTestingUITests.swift; sourceTree = "<group>"; };
		DC30CC6C29EDD6C10050F828 /* SwiftTestingUITestsLaunchTests.swift */ = {isa = PBXFileReference; lastKnownFileType = sourcecode.swift; path = SwiftTestingUITestsLaunchTests.swift; sourceTree = "<group>"; };
		DC30CC7929EDD7070050F828 /* MathematicFunctions.swift */ = {isa = PBXFileReference; lastKnownFileType = sourcecode.swift; path = MathematicFunctions.swift; sourceTree = "<group>"; };
/* End PBXFileReference section */

/* Begin PBXFrameworksBuildPhase section */
		DC30CC4329EDD6C00050F828 /* Frameworks */ = {
			isa = PBXFrameworksBuildPhase;
			buildActionMask = 2147483647;
			files = (
			);
			runOnlyForDeploymentPostprocessing = 0;
		};
		DC30CC5929EDD6C10050F828 /* Frameworks */ = {
			isa = PBXFrameworksBuildPhase;
			buildActionMask = 2147483647;
			files = (
			);
			runOnlyForDeploymentPostprocessing = 0;
		};
		DC30CC6329EDD6C10050F828 /* Frameworks */ = {
			isa = PBXFrameworksBuildPhase;
			buildActionMask = 2147483647;
			files = (
			);
			runOnlyForDeploymentPostprocessing = 0;
		};
/* End PBXFrameworksBuildPhase section */

/* Begin PBXGroup section */
		DC30CC3D29EDD6C00050F828 = {
			isa = PBXGroup;
			children = (
				DC30CC4829EDD6C00050F828 /* SwiftTesting */,
				DC30CC5F29EDD6C10050F828 /* SwiftTestingTests */,
				DC30CC6929EDD6C10050F828 /* SwiftTestingUITests */,
				DC30CC4729EDD6C00050F828 /* Products */,
			);
			sourceTree = "<group>";
		};
		DC30CC4729EDD6C00050F828 /* Products */ = {
			isa = PBXGroup;
			children = (
				DC30CC4629EDD6C00050F828 /* SwiftTesting.app */,
				DC30CC5C29EDD6C10050F828 /* SwiftTestingTests.xctest */,
				DC30CC6629EDD6C10050F828 /* SwiftTestingUITests.xctest */,
			);
			name = Products;
			sourceTree = "<group>";
		};
		DC30CC4829EDD6C00050F828 /* SwiftTesting */ = {
			isa = PBXGroup;
			children = (
				DC30CC4929EDD6C00050F828 /* AppDelegate.swift */,
				DC30CC4B29EDD6C00050F828 /* SceneDelegate.swift */,
				DC30CC4D29EDD6C00050F828 /* ViewController.swift */,
				DC30CC4F29EDD6C00050F828 /* Main.storyboard */,
				DC30CC5229EDD6C10050F828 /* Assets.xcassets */,
				DC30CC5429EDD6C10050F828 /* LaunchScreen.storyboard */,
				DC30CC5729EDD6C10050F828 /* Info.plist */,
				DC30CC7929EDD7070050F828 /* MathematicFunctions.swift */,
			);
			path = SwiftTesting;
			sourceTree = "<group>";
		};
		DC30CC5F29EDD6C10050F828 /* SwiftTestingTests */ = {
			isa = PBXGroup;
			children = (
				DC30CC6029EDD6C10050F828 /* SwiftTestingTests.swift */,
			);
			path = SwiftTestingTests;
			sourceTree = "<group>";
		};
		DC30CC6929EDD6C10050F828 /* SwiftTestingUITests */ = {
			isa = PBXGroup;
			children = (
				DC30CC6A29EDD6C10050F828 /* SwiftTestingUITests.swift */,
				DC30CC6C29EDD6C10050F828 /* SwiftTestingUITestsLaunchTests.swift */,
			);
			path = SwiftTestingUITests;
			sourceTree = "<group>";
		};
/* End PBXGroup section */

/* Begin PBXNativeTarget section */
		DC30CC4529EDD6C00050F828 /* SwiftTesting */ = {
			isa = PBXNativeTarget;
			buildConfigurationList = DC30CC7029EDD6C10050F828 /* Build configuration list for PBXNativeTarget "SwiftTesting" */;
			buildPhases = (
				DC30CC4229EDD6C00050F828 /* Sources */,
				DC30CC4329EDD6C00050F828 /* Frameworks */,
				DC30CC4429EDD6C00050F828 /* Resources */,
			);
			buildRules = (
			);
			dependencies = (
			);
			name = SwiftTesting;
			productName = SwiftTesting;
			productReference = DC30CC4629EDD6C00050F828 /* SwiftTesting.app */;
			productType = "com.apple.product-type.application";
		};
		DC30CC5B29EDD6C10050F828 /* SwiftTestingTests */ = {
			isa = PBXNativeTarget;
			buildConfigurationList = DC30CC7329EDD6C10050F828 /* Build configuration list for PBXNativeTarget "SwiftTestingTests" */;
			buildPhases = (
				DC30CC5829EDD6C10050F828 /* Sources */,
				DC30CC5929EDD6C10050F828 /* Frameworks */,
				DC30CC5A29EDD6C10050F828 /* Resources */,
			);
			buildRules = (
			);
			dependencies = (
				DC30CC5E29EDD6C10050F828 /* PBXTargetDependency */,
			);
			name = SwiftTestingTests;
			productName = SwiftTestingTests;
			productReference = DC30CC5C29EDD6C10050F828 /* SwiftTestingTests.xctest */;
			productType = "com.apple.product-type.bundle.unit-test";
		};
		DC30CC6529EDD6C10050F828 /* SwiftTestingUITests */ = {
			isa = PBXNativeTarget;
			buildConfigurationList = DC30CC7629EDD6C10050F828 /* Build configuration list for PBXNativeTarget "SwiftTestingUITests" */;
			buildPhases = (
				DC30CC6229EDD6C10050F828 /* Sources */,
				DC30CC6329EDD6C10050F828 /* Frameworks */,
				DC30CC6429EDD6C10050F828 /* Resources */,
			);
			buildRules = (
			);
			dependencies = (
				DC30CC6829EDD6C10050F828 /* PBXTargetDependency */,
			);
			name = SwiftTestingUITests;
			productName = SwiftTestingUITests;
			productReference = DC30CC6629EDD6C10050F828 /* SwiftTestingUITests.xctest */;
			productType = "com.apple.product-type.bundle.ui-testing";
		};
/* End PBXNativeTarget section */

/* Begin PBXProject section */
		DC30CC3E29EDD6C00050F828 /* Project object */ = {
			isa = PBXProject;
			attributes = {
				BuildIndependentTargetsInParallel = 1;
				LastSwiftUpdateCheck = 1430;
				LastUpgradeCheck = 1430;
				TargetAttributes = {
					DC30CC4529EDD6C00050F828 = {
						CreatedOnToolsVersion = 14.3;
					};
					DC30CC5B29EDD6C10050F828 = {
						CreatedOnToolsVersion = 14.3;
						TestTargetID = DC30CC4529EDD6C00050F828;
					};
					DC30CC6529EDD6C10050F828 = {
						CreatedOnToolsVersion = 14.3;
						TestTargetID = DC30CC4529EDD6C00050F828;
					};
				};
			};
			buildConfigurationList = DC30CC4129EDD6C00050F828 /* Build configuration list for PBXProject "SwiftTesting" */;
			compatibilityVersion = "Xcode 14.0";
			developmentRegion = en;
			hasScannedForEncodings = 0;
			knownRegions = (
				en,
				Base,
			);
			mainGroup = DC30CC3D29EDD6C00050F828;
			productRefGroup = DC30CC4729EDD6C00050F828 /* Products */;
			projectDirPath = "";
			projectRoot = "";
			targets = (
				DC30CC4529EDD6C00050F828 /* SwiftTesting */,
				DC30CC5B29EDD6C10050F828 /* SwiftTestingTests */,
				DC30CC6529EDD6C10050F828 /* SwiftTestingUITests */,
			);
		};
/* End PBXProject section */

/* Begin PBXResourcesBuildPhase section */
		DC30CC4429EDD6C00050F828 /* Resources */ = {
			isa = PBXResourcesBuildPhase;
			buildActionMask = 2147483647;
			files = (
				DC30CC5629EDD6C10050F828 /* LaunchScreen.storyboard in Resources */,
				DC30CC5329EDD6C10050F828 /* Assets.xcassets in Resources */,
				DC30CC5129EDD6C00050F828 /* Main.storyboard in Resources */,
			);
			runOnlyForDeploymentPostprocessing = 0;
		};
		DC30CC5A29EDD6C10050F828 /* Resources */ = {
			isa = PBXResourcesBuildPhase;
			buildActionMask = 2147483647;
			files = (
			);
			runOnlyForDeploymentPostprocessing = 0;
		};
		DC30CC6429EDD6C10050F828 /* Resources */ = {
			isa = PBXResourcesBuildPhase;
			buildActionMask = 2147483647;
			files = (
			);
			runOnlyForDeploymentPostprocessing = 0;
		};
/* End PBXResourcesBuildPhase section */

/* Begin PBXSourcesBuildPhase section */
		DC30CC4229EDD6C00050F828 /* Sources */ = {
			isa = PBXSourcesBuildPhase;
			buildActionMask = 2147483647;
			files = (
				DC30CC4E29EDD6C00050F828 /* ViewController.swift in Sources */,
				DC30CC4A29EDD6C00050F828 /* AppDelegate.swift in Sources */,
				DC30CC7A29EDD7070050F828 /* MathematicFunctions.swift in Sources */,
				DC30CC4C29EDD6C00050F828 /* SceneDelegate.swift in Sources */,
			);
			runOnlyForDeploymentPostprocessing = 0;
		};
		DC30CC5829EDD6C10050F828 /* Sources */ = {
			isa = PBXSourcesBuildPhase;
			buildActionMask = 2147483647;
			files = (
				DC30CC6129EDD6C10050F828 /* SwiftTestingTests.swift in Sources */,
			);
			runOnlyForDeploymentPostprocessing = 0;
		};
		DC30CC6229EDD6C10050F828 /* Sources */ = {
			isa = PBXSourcesBuildPhase;
			buildActionMask = 2147483647;
			files = (
				DC30CC6B29EDD6C10050F828 /* SwiftTestingUITests.swift in Sources */,
				DC30CC6D29EDD6C10050F828 /* SwiftTestingUITestsLaunchTests.swift in Sources */,
			);
			runOnlyForDeploymentPostprocessing = 0;
		};
/* End PBXSourcesBuildPhase section */

/* Begin PBXTargetDependency section */
		DC30CC5E29EDD6C10050F828 /* PBXTargetDependency */ = {
			isa = PBXTargetDependency;
			target = DC30CC4529EDD6C00050F828 /* SwiftTesting */;
			targetProxy = DC30CC5D29EDD6C10050F828 /* PBXContainerItemProxy */;
		};
		DC30CC6829EDD6C10050F828 /* PBXTargetDependency */ = {
			isa = PBXTargetDependency;
			target = DC30CC4529EDD6C00050F828 /* SwiftTesting */;
			targetProxy = DC30CC6729EDD6C10050F828 /* PBXContainerItemProxy */;
		};
/* End PBXTargetDependency section */

/* Begin PBXVariantGroup section */
		DC30CC4F29EDD6C00050F828 /* Main.storyboard */ = {
			isa = PBXVariantGroup;
			children = (
				DC30CC5029EDD6C00050F828 /* Base */,
			);
			name = Main.storyboard;
			sourceTree = "<group>";
		};
		DC30CC5429EDD6C10050F828 /* LaunchScreen.storyboard */ = {
			isa = PBXVariantGroup;
			children = (
				DC30CC5529EDD6C10050F828 /* Base */,
			);
			name = LaunchScreen.storyboard;
			sourceTree = "<group>";
		};
/* End PBXVariantGroup section */

/* Begin XCBuildConfiguration section */
		DC30CC6E29EDD6C10050F828 /* Debug */ = {
			isa = XCBuildConfiguration;
			buildSettings = {
				ALWAYS_SEARCH_USER_PATHS = NO;
				CLANG_ANALYZER_NONNULL = YES;
				CLANG_ANALYZER_NUMBER_OBJECT_CONVERSION = YES_AGGRESSIVE;
				CLANG_CXX_LANGUAGE_STANDARD = "gnu++20";
				CLANG_ENABLE_MODULES = YES;
				CLANG_ENABLE_OBJC_ARC = YES;
				CLANG_ENABLE_OBJC_WEAK = YES;
				CLANG_WARN_BLOCK_CAPTURE_AUTORELEASING = YES;
				CLANG_WARN_BOOL_CONVERSION = YES;
				CLANG_WARN_COMMA = YES;
				CLANG_WARN_CONSTANT_CONVERSION = YES;
				CLANG_WARN_DEPRECATED_OBJC_IMPLEMENTATIONS = YES;
				CLANG_WARN_DIRECT_OBJC_ISA_USAGE = YES_ERROR;
				CLANG_WARN_DOCUMENTATION_COMMENTS = YES;
				CLANG_WARN_EMPTY_BODY = YES;
				CLANG_WARN_ENUM_CONVERSION = YES;
				CLANG_WARN_INFINITE_RECURSION = YES;
				CLANG_WARN_INT_CONVERSION = YES;
				CLANG_WARN_NON_LITERAL_NULL_CONVERSION = YES;
				CLANG_WARN_OBJC_IMPLICIT_RETAIN_SELF = YES;
				CLANG_WARN_OBJC_LITERAL_CONVERSION = YES;
				CLANG_WARN_OBJC_ROOT_CLASS = YES_ERROR;
				CLANG_WARN_QUOTED_INCLUDE_IN_FRAMEWORK_HEADER = YES;
				CLANG_WARN_RANGE_LOOP_ANALYSIS = YES;
				CLANG_WARN_STRICT_PROTOTYPES = YES;
				CLANG_WARN_SUSPICIOUS_MOVE = YES;
				CLANG_WARN_UNGUARDED_AVAILABILITY = YES_AGGRESSIVE;
				CLANG_WARN_UNREACHABLE_CODE = YES;
				CLANG_WARN__DUPLICATE_METHOD_MATCH = YES;
				COPY_PHASE_STRIP = NO;
				DEBUG_INFORMATION_FORMAT = dwarf;
				ENABLE_STRICT_OBJC_MSGSEND = YES;
				ENABLE_TESTABILITY = YES;
				GCC_C_LANGUAGE_STANDARD = gnu11;
				GCC_DYNAMIC_NO_PIC = NO;
				GCC_NO_COMMON_BLOCKS = YES;
				GCC_OPTIMIZATION_LEVEL = 0;
				GCC_PREPROCESSOR_DEFINITIONS = (
					"DEBUG=1",
					"$(inherited)",
				);
				GCC_WARN_64_TO_32_BIT_CONVERSION = YES;
				GCC_WARN_ABOUT_RETURN_TYPE = YES_ERROR;
				GCC_WARN_UNDECLARED_SELECTOR = YES;
				GCC_WARN_UNINITIALIZED_AUTOS = YES_AGGRESSIVE;
				GCC_WARN_UNUSED_FUNCTION = YES;
				GCC_WARN_UNUSED_VARIABLE = YES;
				IPHONEOS_DEPLOYMENT_TARGET = 16.4;
				MTL_ENABLE_DEBUG_INFO = INCLUDE_SOURCE;
				MTL_FAST_MATH = YES;
				ONLY_ACTIVE_ARCH = YES;
				SDKROOT = iphoneos;
				SWIFT_ACTIVE_COMPILATION_CONDITIONS = DEBUG;
				SWIFT_OPTIMIZATION_LEVEL = "-Onone";
			};
			name = Debug;
		};
		DC30CC6F29EDD6C10050F828 /* Release */ = {
			isa = XCBuildConfiguration;
			buildSettings = {
				ALWAYS_SEARCH_USER_PATHS = NO;
				CLANG_ANALYZER_NONNULL = YES;
				CLANG_ANALYZER_NUMBER_OBJECT_CONVERSION = YES_AGGRESSIVE;
				CLANG_CXX_LANGUAGE_STANDARD = "gnu++20";
				CLANG_ENABLE_MODULES = YES;
				CLANG_ENABLE_OBJC_ARC = YES;
				CLANG_ENABLE_OBJC_WEAK = YES;
				CLANG_WARN_BLOCK_CAPTURE_AUTORELEASING = YES;
				CLANG_WARN_BOOL_CONVERSION = YES;
				CLANG_WARN_COMMA = YES;
				CLANG_WARN_CONSTANT_CONVERSION = YES;
				CLANG_WARN_DEPRECATED_OBJC_IMPLEMENTATIONS = YES;
				CLANG_WARN_DIRECT_OBJC_ISA_USAGE = YES_ERROR;
				CLANG_WARN_DOCUMENTATION_COMMENTS = YES;
				CLANG_WARN_EMPTY_BODY = YES;
				CLANG_WARN_ENUM_CONVERSION = YES;
				CLANG_WARN_INFINITE_RECURSION = YES;
				CLANG_WARN_INT_CONVERSION = YES;
				CLANG_WARN_NON_LITERAL_NULL_CONVERSION = YES;
				CLANG_WARN_OBJC_IMPLICIT_RETAIN_SELF = YES;
				CLANG_WARN_OBJC_LITERAL_CONVERSION = YES;
				CLANG_WARN_OBJC_ROOT_CLASS = YES_ERROR;
				CLANG_WARN_QUOTED_INCLUDE_IN_FRAMEWORK_HEADER = YES;
				CLANG_WARN_RANGE_LOOP_ANALYSIS = YES;
				CLANG_WARN_STRICT_PROTOTYPES = YES;
				CLANG_WARN_SUSPICIOUS_MOVE = YES;
				CLANG_WARN_UNGUARDED_AVAILABILITY = YES_AGGRESSIVE;
				CLANG_WARN_UNREACHABLE_CODE = YES;
				CLANG_WARN__DUPLICATE_METHOD_MATCH = YES;
				COPY_PHASE_STRIP = NO;
				DEBUG_INFORMATION_FORMAT = "dwarf-with-dsym";
				ENABLE_NS_ASSERTIONS = NO;
				ENABLE_STRICT_OBJC_MSGSEND = YES;
				GCC_C_LANGUAGE_STANDARD = gnu11;
				GCC_NO_COMMON_BLOCKS = YES;
				GCC_WARN_64_TO_32_BIT_CONVERSION = YES;
				GCC_WARN_ABOUT_RETURN_TYPE = YES_ERROR;
				GCC_WARN_UNDECLARED_SELECTOR = YES;
				GCC_WARN_UNINITIALIZED_AUTOS = YES_AGGRESSIVE;
				GCC_WARN_UNUSED_FUNCTION = YES;
				GCC_WARN_UNUSED_VARIABLE = YES;
				IPHONEOS_DEPLOYMENT_TARGET = 16.4;
				MTL_ENABLE_DEBUG_INFO = NO;
				MTL_FAST_MATH = YES;
				SDKROOT = iphoneos;
				SWIFT_COMPILATION_MODE = wholemodule;
				SWIFT_OPTIMIZATION_LEVEL = "-O";
				VALIDATE_PRODUCT = YES;
			};
			name = Release;
		};
		DC30CC7129EDD6C10050F828 /* Debug */ = {
			isa = XCBuildConfiguration;
			buildSettings = {
				ASSETCATALOG_COMPILER_APPICON_NAME = AppIcon;
				ASSETCATALOG_COMPILER_GLOBAL_ACCENT_COLOR_NAME = AccentColor;
				CODE_SIGN_STYLE = Automatic;
				CURRENT_PROJECT_VERSION = 1;
				DEVELOPMENT_TEAM = 27976765KZ;
				GENERATE_INFOPLIST_FILE = YES;
				INFOPLIST_FILE = SwiftTesting/Info.plist;
				INFOPLIST_KEY_UIApplicationSupportsIndirectInputEvents = YES;
				INFOPLIST_KEY_UILaunchStoryboardName = LaunchScreen;
				INFOPLIST_KEY_UIMainStoryboardFile = Main;
				INFOPLIST_KEY_UISupportedInterfaceOrientations_iPad = "UIInterfaceOrientationPortrait UIInterfaceOrientationPortraitUpsideDown UIInterfaceOrientationLandscapeLeft UIInterfaceOrientationLandscapeRight";
				INFOPLIST_KEY_UISupportedInterfaceOrientations_iPhone = "UIInterfaceOrientationPortrait UIInterfaceOrientationLandscapeLeft UIInterfaceOrientationLandscapeRight";
				LD_RUNPATH_SEARCH_PATHS = (
					"$(inherited)",
					"@executable_path/Frameworks",
				);
				MARKETING_VERSION = 1.0;
				PRODUCT_BUNDLE_IDENTIFIER = furkankeskin.SwiftTesting;
				PRODUCT_NAME = "$(TARGET_NAME)";
				SWIFT_EMIT_LOC_STRINGS = YES;
				SWIFT_VERSION = 5.0;
				TARGETED_DEVICE_FAMILY = "1,2";
			};
			name = Debug;
		};
		DC30CC7229EDD6C10050F828 /* Release */ = {
			isa = XCBuildConfiguration;
			buildSettings = {
				ASSETCATALOG_COMPILER_APPICON_NAME = AppIcon;
				ASSETCATALOG_COMPILER_GLOBAL_ACCENT_COLOR_NAME = AccentColor;
				CODE_SIGN_STYLE = Automatic;
				CURRENT_PROJECT_VERSION = 1;
				DEVELOPMENT_TEAM = 27976765KZ;
				GENERATE_INFOPLIST_FILE = YES;
				INFOPLIST_FILE = SwiftTesting/Info.plist;
				INFOPLIST_KEY_UIApplicationSupportsIndirectInputEvents = YES;
				INFOPLIST_KEY_UILaunchStoryboardName = LaunchScreen;
				INFOPLIST_KEY_UIMainStoryboardFile = Main;
				INFOPLIST_KEY_UISupportedInterfaceOrientations_iPad = "UIInterfaceOrientationPortrait UIInterfaceOrientationPortraitUpsideDown UIInterfaceOrientationLandscapeLeft UIInterfaceOrientationLandscapeRight";
				INFOPLIST_KEY_UISupportedInterfaceOrientations_iPhone = "UIInterfaceOrientationPortrait UIInterfaceOrientationLandscapeLeft UIInterfaceOrientationLandscapeRight";
				LD_RUNPATH_SEARCH_PATHS = (
					"$(inherited)",
					"@executable_path/Frameworks",
				);
				MARKETING_VERSION = 1.0;
				PRODUCT_BUNDLE_IDENTIFIER = furkankeskin.SwiftTesting;
				PRODUCT_NAME = "$(TARGET_NAME)";
				SWIFT_EMIT_LOC_STRINGS = YES;
				SWIFT_VERSION = 5.0;
				TARGETED_DEVICE_FAMILY = "1,2";
			};
			name = Release;
		};
		DC30CC7429EDD6C10050F828 /* Debug */ = {
			isa = XCBuildConfiguration;
			buildSettings = {
				ALWAYS_EMBED_SWIFT_STANDARD_LIBRARIES = YES;
				BUNDLE_LOADER = "$(TEST_HOST)";
				CODE_SIGN_STYLE = Automatic;
				CURRENT_PROJECT_VERSION = 1;
				DEVELOPMENT_TEAM = 27976765KZ;
				GENERATE_INFOPLIST_FILE = YES;
				IPHONEOS_DEPLOYMENT_TARGET = 16.4;
				MARKETING_VERSION = 1.0;
				PRODUCT_BUNDLE_IDENTIFIER = furkankeskin.SwiftTestingTests;
				PRODUCT_NAME = "$(TARGET_NAME)";
				SWIFT_EMIT_LOC_STRINGS = NO;
				SWIFT_VERSION = 5.0;
				TARGETED_DEVICE_FAMILY = "1,2";
				TEST_HOST = "$(BUILT_PRODUCTS_DIR)/SwiftTesting.app/$(BUNDLE_EXECUTABLE_FOLDER_PATH)/SwiftTesting";
			};
			name = Debug;
		};
		DC30CC7529EDD6C10050F828 /* Release */ = {
			isa = XCBuildConfiguration;
			buildSettings = {
				ALWAYS_EMBED_SWIFT_STANDARD_LIBRARIES = YES;
				BUNDLE_LOADER = "$(TEST_HOST)";
				CODE_SIGN_STYLE = Automatic;
				CURRENT_PROJECT_VERSION = 1;
				DEVELOPMENT_TEAM = 27976765KZ;
				GENERATE_INFOPLIST_FILE = YES;
				IPHONEOS_DEPLOYMENT_TARGET = 16.4;
				MARKETING_VERSION = 1.0;
				PRODUCT_BUNDLE_IDENTIFIER = furkankeskin.SwiftTestingTests;
				PRODUCT_NAME = "$(TARGET_NAME)";
				SWIFT_EMIT_LOC_STRINGS = NO;
				SWIFT_VERSION = 5.0;
				TARGETED_DEVICE_FAMILY = "1,2";
				TEST_HOST = "$(BUILT_PRODUCTS_DIR)/SwiftTesting.app/$(BUNDLE_EXECUTABLE_FOLDER_PATH)/SwiftTesting";
			};
			name = Release;
		};
		DC30CC7729EDD6C10050F828 /* Debug */ = {
			isa = XCBuildConfiguration;
			buildSettings = {
				ALWAYS_EMBED_SWIFT_STANDARD_LIBRARIES = YES;
				CODE_SIGN_STYLE = Automatic;
				CURRENT_PROJECT_VERSION = 1;
				DEVELOPMENT_TEAM = 27976765KZ;
				GENERATE_INFOPLIST_FILE = YES;
				MARKETING_VERSION = 1.0;
				PRODUCT_BUNDLE_IDENTIFIER = furkankeskin.SwiftTestingUITests;
				PRODUCT_NAME = "$(TARGET_NAME)";
				SWIFT_EMIT_LOC_STRINGS = NO;
				SWIFT_VERSION = 5.0;
				TARGETED_DEVICE_FAMILY = "1,2";
				TEST_TARGET_NAME = SwiftTesting;
			};
			name = Debug;
		};
		DC30CC7829EDD6C10050F828 /* Release */ = {
			isa = XCBuildConfiguration;
			buildSettings = {
				ALWAYS_EMBED_SWIFT_STANDARD_LIBRARIES = YES;
				CODE_SIGN_STYLE = Automatic;
				CURRENT_PROJECT_VERSION = 1;
				DEVELOPMENT_TEAM = 27976765KZ;
				GENERATE_INFOPLIST_FILE = YES;
				MARKETING_VERSION = 1.0;
				PRODUCT_BUNDLE_IDENTIFIER = furkankeskin.SwiftTestingUITests;
				PRODUCT_NAME = "$(TARGET_NAME)";
				SWIFT_EMIT_LOC_STRINGS = NO;
				SWIFT_VERSION = 5.0;
				TARGETED_DEVICE_FAMILY = "1,2";
				TEST_TARGET_NAME = SwiftTesting;
			};
			name = Release;
		};
/* End XCBuildConfiguration section */

/* Begin XCConfigurationList section */
		DC30CC4129EDD6C00050F828 /* Build configuration list for PBXProject "SwiftTesting" */ = {
			isa = XCConfigurationList;
			buildConfigurations = (
				DC30CC6E29EDD6C10050F828 /* Debug */,
				DC30CC6F29EDD6C10050F828 /* Release */,
			);
			defaultConfigurationIsVisible = 0;
			defaultConfigurationName = Release;
		};
		DC30CC7029EDD6C10050F828 /* Build configuration list for PBXNativeTarget "SwiftTesting" */ = {
			isa = XCConfigurationList;
			buildConfigurations = (
				DC30CC7129EDD6C10050F828 /* Debug */,
				DC30CC7229EDD6C10050F828 /* Release */,
			);
			defaultConfigurationIsVisible = 0;
			defaultConfigurationName = Release;
		};
		DC30CC7329EDD6C10050F828 /* Build configuration list for PBXNativeTarget "SwiftTestingTests" */ = {
			isa = XCConfigurationList;
			buildConfigurations = (
				DC30CC7429EDD6C10050F828 /* Debug */,
				DC30CC7529EDD6C10050F828 /* Release */,
			);
			defaultConfigurationIsVisible = 0;
			defaultConfigurationName = Release;
		};
		DC30CC7629EDD6C10050F828 /* Build configuration list for PBXNativeTarget "SwiftTestingUITests" */ = {
			isa = XCConfigurationList;
			buildConfigurations = (
				DC30CC7729EDD6C10050F828 /* Debug */,
				DC30CC7829EDD6C10050F828 /* Release */,
			);
			defaultConfigurationIsVisible = 0;
			defaultConfigurationName = Release;
		};
/* End XCConfigurationList section */
	};
	rootObject = DC30CC3E29EDD6C00050F828 /* Project object */;
}
